
Microsoft Visual Studio Solution File, Format Version 12.00
# Visual Studio Version 16
VisualStudioVersion = 16.0.31025.194
MinimumVisualStudioVersion = 10.0.40219.1
Project("{FAE04EC0-301F-11D3-BF4B-00C04F79EFBC}") = "DioSeries", "DioSeries.csproj", "{B959184B-3C3E-4C8D-95D5-161FD65BBA0C}"
EndProject
Global
	GlobalSection(SolutionConfigurationPlatforms) = preSolution
		Debug|Any CPU = Debug|Any CPU
		Release|Any CPU = Release|Any CPU
	EndGlobalSection
	GlobalSection(ProjectConfigurationPlatforms) = postSolution
		{B959184B-3C3E-4C8D-95D5-161FD65BBA0C}.Debug|Any CPU.ActiveCfg = Debug|Any CPU
		{B959184B-3C3E-4C8D-95D5-161FD65BBA0C}.Debug|Any CPU.Build.0 = Debug|Any CPU
		{B959184B-3C3E-4C8D-95D5-161FD65BBA0C}.Release|Any CPU.ActiveCfg = Release|Any CPU
		{B959184B-3C3E-4C8D-95D5-161FD65BBA0C}.Release|Any CPU.Build.0 = Release|Any CPU
	EndGlobalSection
	GlobalSection(SolutionProperties) = preSolution
		HideSolutionNode = FALSE
	EndGlobalSection
	GlobalSection(ExtensibilityGlobals) = postSolution
		SolutionGuid = {F0E3198E-C9D5-4C1C-86B5-8979DD12E22E}
	EndGlobalSection
EndGlobal
